
Microsoft Visual Studio Solution File, Format Version 12.00
# Visual Studio Version 16
VisualStudioVersion = 16.0.30225.117
MinimumVisualStudioVersion = 10.0.40219.1
Project("{FAE04EC0-301F-11D3-BF4B-00C04F79EFBC}") = "wordpatterm", "wordpatterm\wordpatterm.csproj", "{8B046FA9-20E6-4CD8-AD9A-3BBEE9DDD44C}"
EndProject
Global
	GlobalSection(SolutionConfigurationPlatforms) = preSolution
		Debug|Any CPU = Debug|Any CPU
		Release|Any CPU = Release|Any CPU
	EndGlobalSection
	GlobalSection(ProjectConfigurationPlatforms) = postSolution
		{8B046FA9-20E6-4CD8-AD9A-3BBEE9DDD44C}.Debug|Any CPU.ActiveCfg = Debug|Any CPU
		{8B046FA9-20E6-4CD8-AD9A-3BBEE9DDD44C}.Debug|Any CPU.Build.0 = Debug|Any CPU
		{8B046FA9-20E6-4CD8-AD9A-3BBEE9DDD44C}.Release|Any CPU.ActiveCfg = Release|Any CPU
		{8B046FA9-20E6-4CD8-AD9A-3BBEE9DDD44C}.Release|Any CPU.Build.0 = Release|Any CPU
	EndGlobalSection
	GlobalSection(SolutionProperties) = preSolution
		HideSolutionNode = FALSE
	EndGlobalSection
	GlobalSection(ExtensibilityGlobals) = postSolution
		SolutionGuid = {68D4F1C1-8E45-4A62-AED6-F10F3F14F047}
	EndGlobalSection
EndGlobal
